// !$*UTF8*$!
{
	archiveVersion = 1;
	classes = {
	};
	objectVersion = 39;
	objects = {
		080E96DDFE201D6D7F000001 = {
			children = (
				DA8FDEB807B481DE00D5B6F7,
				DA8FDEB907B481DE00D5B6F7,
				DA12B7F307B36D6F005AA180,
				DA12B7F407B36D6F005AA180,
				DAF071CA07B343B9006FA850,
				DAF071CB07B343B9006FA850,
				DAF071BB07B33A94006FA850,
				DAF15AF107B1CC790031C5C1,
				DAF15AF207B1CC790031C5C1,
				DA1051E907B152A2007CD7D2,
				DA1051EA07B152A2007CD7D2,
				DAEA36B707B0D8D700C4E690,
				DAEA36B907B0D8EA00C4E690,
				DAEA36BA07B0D8EA00C4E690,
				DAEA36BB07B0D8EA00C4E690,
				DAEA36BC07B0D8EA00C4E690,
				DAEA36B507B0D8CF00C4E690,
				DA3659CE07B0A41900FBB3FF,
				DA3659CF07B0A41900FBB3FF,
			);
			isa = PBXGroup;
			name = Classes;
			refType = 4;
			sourceTree = "<group>";
		};
		089C165CFE840E0CC02AAC07 = {
			children = (
				089C165DFE840E0CC02AAC07,
			);
			isa = PBXVariantGroup;
			name = InfoPlist.strings;
			refType = 4;
			sourceTree = "<group>";
		};
		089C165DFE840E0CC02AAC07 = {
			fileEncoding = 10;
			isa = PBXFileReference;
			lastKnownFileType = text.plist.strings;
			name = English;
			path = English.lproj/InfoPlist.strings;
			refType = 4;
			sourceTree = "<group>";
		};
//080
//081
//082
//083
//084
//100
//101
//102
//103
//104
		1058C7A0FEA54F0111CA2CBB = {
			children = (
				1058C7A1FEA54F0111CA2CBB,
			);
			isa = PBXGroup;
			name = "Linked Frameworks";
			refType = 4;
			sourceTree = "<group>";
		};
		1058C7A1FEA54F0111CA2CBB = {
			isa = PBXFileReference;
			lastKnownFileType = wrapper.framework;
			name = Cocoa.framework;
			path = /System/Library/Frameworks/Cocoa.framework;
			refType = 0;
			sourceTree = "<absolute>";
		};
		1058C7A2FEA54F0111CA2CBB = {
			children = (
				29B97325FDCFA39411CA2CEA,
				29B97324FDCFA39411CA2CEA,
			);
			isa = PBXGroup;
			name = "Other Frameworks";
			refType = 4;
			sourceTree = "<group>";
		};
//100
//101
//102
//103
//104
//190
//191
//192
//193
//194
		19C28FACFE9D520D11CA2CBB = {
			children = (
				8D1107320486CEB800E47090,
			);
			isa = PBXGroup;
			name = Products;
			refType = 4;
			sourceTree = "<group>";
		};
//190
//191
//192
//193
//194
//290
//291
//292
//293
//294
		29B97313FDCFA39411CA2CEA = {
			buildSettings = {
			};
			buildStyles = (
				4A9504CCFFE6A4B311CA0CBA,
				4A9504CDFFE6A4B311CA0CBA,
			);
			hasScannedForEncodings = 1;
			isa = PBXProject;
			mainGroup = 29B97314FDCFA39411CA2CEA;
			projectDirPath = "";
			targets = (
				8D1107260486CEB800E47090,
			);
		};
		29B97314FDCFA39411CA2CEA = {
			children = (
				080E96DDFE201D6D7F000001,
				29B97315FDCFA39411CA2CEA,
				29B97317FDCFA39411CA2CEA,
				29B97323FDCFA39411CA2CEA,
				19C28FACFE9D520D11CA2CBB,
			);
			isa = PBXGroup;
			name = PhotoSync;
			path = "";
			refType = 4;
			sourceTree = "<group>";
		};
		29B97315FDCFA39411CA2CEA = {
			children = (
				32CA4F630368D1EE00C91783,
				29B97316FDCFA39411CA2CEA,
			);
			isa = PBXGroup;
			name = "Other Sources";
			path = "";
			refType = 4;
			sourceTree = "<group>";
		};
		29B97316FDCFA39411CA2CEA = {
			fileEncoding = 4;
			isa = PBXFileReference;
			lastKnownFileType = sourcecode.c.objc;
			path = main.m;
			refType = 4;
			sourceTree = "<group>";
		};
		29B97317FDCFA39411CA2CEA = {
			children = (
				DAE684B807B4C6970074D7CD,
				DA8FDF1807B4BBB400D5B6F7,
				DA8FDF1907B4BBB400D5B6F7,
				DA8FDF1A07B4BBB400D5B6F7,
				DA8FDF1C07B4BBB400D5B6F7,
				DA8FDF1D07B4BBB400D5B6F7,
				DA8FDEB407B4818300D5B6F7,
				DA3659BC07B0A1F700FBB3FF,
				8D1107310486CEB800E47090,
				089C165CFE840E0CC02AAC07,
			);
			isa = PBXGroup;
			name = Resources;
			path = "";
			refType = 4;
			sourceTree = "<group>";
		};
		29B97323FDCFA39411CA2CEA = {
			children = (
				1058C7A0FEA54F0111CA2CBB,
				1058C7A2FEA54F0111CA2CBB,
			);
			isa = PBXGroup;
			name = Frameworks;
			path = "";
			refType = 4;
			sourceTree = "<group>";
		};
		29B97324FDCFA39411CA2CEA = {
			isa = PBXFileReference;
			lastKnownFileType = wrapper.framework;
			name = AppKit.framework;
			path = /System/Library/Frameworks/AppKit.framework;
			refType = 0;
			sourceTree = "<absolute>";
		};
		29B97325FDCFA39411CA2CEA = {
			isa = PBXFileReference;
			lastKnownFileType = wrapper.framework;
			name = Foundation.framework;
			path = /System/Library/Frameworks/Foundation.framework;
			refType = 0;
			sourceTree = "<absolute>";
		};
//290
//291
//292
//293
//294
//320
//321
//322
//323
//324
		32CA4F630368D1EE00C91783 = {
			fileEncoding = 4;
			isa = PBXFileReference;
			lastKnownFileType = sourcecode.c.h;
			path = PhotoSync_Prefix.pch;
			refType = 4;
			sourceTree = "<group>";
		};
//320
//321
//322
//323
//324
//4A0
//4A1
//4A2
//4A3
//4A4
		4A9504CCFFE6A4B311CA0CBA = {
			buildSettings = {
				COPY_PHASE_STRIP = NO;
				GCC_DYNAMIC_NO_PIC = NO;
				GCC_ENABLE_FIX_AND_CONTINUE = YES;
				GCC_GENERATE_DEBUGGING_SYMBOLS = YES;
				GCC_OPTIMIZATION_LEVEL = 0;
				ZERO_LINK = YES;
			};
			isa = PBXBuildStyle;
			name = Development;
		};
		4A9504CDFFE6A4B311CA0CBA = {
			buildSettings = {
				COPY_PHASE_STRIP = YES;
				GCC_ENABLE_FIX_AND_CONTINUE = NO;
				ZERO_LINK = NO;
			};
			isa = PBXBuildStyle;
			name = Deployment;
		};
//4A0
//4A1
//4A2
//4A3
//4A4
//8D0
//8D1
//8D2
//8D3
//8D4
		8D1107260486CEB800E47090 = {
			buildPhases = (
				8D1107290486CEB800E47090,
				8D11072C0486CEB800E47090,
				8D11072E0486CEB800E47090,
			);
			buildRules = (
			);
			buildSettings = {
				GCC_GENERATE_DEBUGGING_SYMBOLS = YES;
				GCC_PRECOMPILE_PREFIX_HEADER = YES;
				GCC_PREFIX_HEADER = PhotoSync_Prefix.pch;
				INFOPLIST_FILE = Info.plist;
				INSTALL_PATH = "$(HOME)/Applications";
				PRODUCT_NAME = PhotoSync;
				WRAPPER_EXTENSION = app;
			};
			dependencies = (
			);
			isa = PBXNativeTarget;
			name = PhotoSync;
			productInstallPath = "$(HOME)/Applications";
			productName = PhotoSync;
			productReference = 8D1107320486CEB800E47090;
			productType = "com.apple.product-type.application";
		};
		8D1107290486CEB800E47090 = {
			buildActionMask = 2147483647;
			files = (
				8D11072B0486CEB800E47090,
				DA3659BD07B0A1F800FBB3FF,
				DA3659D007B0A41900FBB3FF,
				DAEA36B607B0D8CF00C4E690,
				DAEA36BD07B0D8EA00C4E690,
				DAEA36BF07B0D8EA00C4E690,
				DA1051EB07B152A2007CD7D2,
				DAF15AF307B1CC790031C5C1,
				DAF071BC07B33A94006FA850,
				DAF071CC07B343B9006FA850,
				DA12B7F507B36D6F005AA180,
				DA8FDEB507B4818300D5B6F7,
				DA8FDEBA07B481DE00D5B6F7,
				DA8FDF1E07B4BBB400D5B6F7,
				DA8FDF1F07B4BBB400D5B6F7,
				DA8FDF2007B4BBB400D5B6F7,
				DA8FDF2207B4BBB400D5B6F7,
				DA8FDF2307B4BBB400D5B6F7,
				DAE684B907B4C6970074D7CD,
			);
			isa = PBXResourcesBuildPhase;
			runOnlyForDeploymentPostprocessing = 0;
		};
		8D11072B0486CEB800E47090 = {
			fileRef = 089C165CFE840E0CC02AAC07;
			isa = PBXBuildFile;
			settings = {
			};
		};
		8D11072C0486CEB800E47090 = {
			buildActionMask = 2147483647;
			files = (
				8D11072D0486CEB800E47090,
				DA3659D107B0A41900FBB3FF,
				DAEA36B807B0D8D700C4E690,
				DAEA36BE07B0D8EA00C4E690,
				DAEA36C007B0D8EA00C4E690,
				DA1051EC07B152A2007CD7D2,
				DAF15AF407B1CC790031C5C1,
				DAF071CD07B343B9006FA850,
				DA12B7F607B36D6F005AA180,
				DA8FDEBB07B481DE00D5B6F7,
			);
			isa = PBXSourcesBuildPhase;
			runOnlyForDeploymentPostprocessing = 0;
		};
		8D11072D0486CEB800E47090 = {
			fileRef = 29B97316FDCFA39411CA2CEA;
			isa = PBXBuildFile;
			settings = {
				ATTRIBUTES = (
				);
			};
		};
		8D11072E0486CEB800E47090 = {
			buildActionMask = 2147483647;
			files = (
				8D11072F0486CEB800E47090,
			);
			isa = PBXFrameworksBuildPhase;
			runOnlyForDeploymentPostprocessing = 0;
		};
		8D11072F0486CEB800E47090 = {
			fileRef = 1058C7A1FEA54F0111CA2CBB;
			isa = PBXBuildFile;
			settings = {
			};
		};
		8D1107310486CEB800E47090 = {
			fileEncoding = 4;
			isa = PBXFileReference;
			lastKnownFileType = text.plist;
			path = Info.plist;
			refType = 4;
			sourceTree = "<group>";
		};
		8D1107320486CEB800E47090 = {
			explicitFileType = wrapper.application;
			includeInIndex = 0;
			isa = PBXFileReference;
			path = PhotoSync.app;
			refType = 3;
			sourceTree = BUILT_PRODUCTS_DIR;
		};
//8D0
//8D1
//8D2
//8D3
//8D4
//DA0
//DA1
//DA2
//DA3
//DA4
		DA1051E907B152A2007CD7D2 = {
			fileEncoding = 4;
			isa = PBXFileReference;
			lastKnownFileType = sourcecode.c.h;
			path = PhotoClient.h;
			refType = 4;
			sourceTree = "<group>";
		};
		DA1051EA07B152A2007CD7D2 = {
			fileEncoding = 4;
			isa = PBXFileReference;
			lastKnownFileType = sourcecode.c.objc;
			path = PhotoClient.m;
			refType = 4;
			sourceTree = "<group>";
		};
		DA1051EB07B152A2007CD7D2 = {
			fileRef = DA1051E907B152A2007CD7D2;
			isa = PBXBuildFile;
			settings = {
			};
		};
		DA1051EC07B152A2007CD7D2 = {
			fileRef = DA1051EA07B152A2007CD7D2;
			isa = PBXBuildFile;
			settings = {
			};
		};
		DA12B7F307B36D6F005AA180 = {
			fileEncoding = 4;
			isa = PBXFileReference;
			lastKnownFileType = sourcecode.c.h;
			path = SyncSubTask.h;
			refType = 4;
			sourceTree = "<group>";
		};
		DA12B7F407B36D6F005AA180 = {
			fileEncoding = 4;
			isa = PBXFileReference;
			lastKnownFileType = sourcecode.c.objc;
			path = SyncSubTask.m;
			refType = 4;
			sourceTree = "<group>";
		};
		DA12B7F507B36D6F005AA180 = {
			fileRef = DA12B7F307B36D6F005AA180;
			isa = PBXBuildFile;
			settings = {
			};
		};
		DA12B7F607B36D6F005AA180 = {
			fileRef = DA12B7F407B36D6F005AA180;
			isa = PBXBuildFile;
			settings = {
			};
		};
		DA3659BC07B0A1F700FBB3FF = {
			isa = PBXFileReference;
			lastKnownFileType = wrapper.nib;
			path = PhotoSync.nib;
			refType = 4;
			sourceTree = "<group>";
		};
		DA3659BD07B0A1F800FBB3FF = {
			fileRef = DA3659BC07B0A1F700FBB3FF;
			isa = PBXBuildFile;
			settings = {
			};
		};
		DA3659CE07B0A41900FBB3FF = {
			fileEncoding = 4;
			isa = PBXFileReference;
			lastKnownFileType = sourcecode.c.h;
			path = Location.h;
			refType = 4;
			sourceTree = "<group>";
		};
		DA3659CF07B0A41900FBB3FF = {
			fileEncoding = 4;
			isa = PBXFileReference;
			lastKnownFileType = sourcecode.c.objc;
			path = Location.m;
			refType = 4;
			sourceTree = "<group>";
		};
		DA3659D007B0A41900FBB3FF = {
			fileRef = DA3659CE07B0A41900FBB3FF;
			isa = PBXBuildFile;
			settings = {
			};
		};
		DA3659D107B0A41900FBB3FF = {
			fileRef = DA3659CF07B0A41900FBB3FF;
			isa = PBXBuildFile;
			settings = {
			};
		};
		DA8FDEB407B4818300D5B6F7 = {
			fileEncoding = 30;
			isa = PBXFileReference;
			lastKnownFileType = text.html;
			name = page.html;
			path = content/page.html;
			refType = 4;
			sourceTree = "<group>";
		};
		DA8FDEB507B4818300D5B6F7 = {
			fileRef = DA8FDEB407B4818300D5B6F7;
			isa = PBXBuildFile;
			settings = {
			};
		};
		DA8FDEB807B481DE00D5B6F7 = {
			fileEncoding = 4;
			isa = PBXFileReference;
			lastKnownFileType = sourcecode.c.h;
			path = PageWriter.h;
			refType = 4;
			sourceTree = "<group>";
		};
		DA8FDEB907B481DE00D5B6F7 = {
			fileEncoding = 4;
			isa = PBXFileReference;
			lastKnownFileType = sourcecode.c.objc;
			path = PageWriter.m;
			refType = 4;
			sourceTree = "<group>";
		};
		DA8FDEBA07B481DE00D5B6F7 = {
			fileRef = DA8FDEB807B481DE00D5B6F7;
			isa = PBXBuildFile;
			settings = {
			};
		};
		DA8FDEBB07B481DE00D5B6F7 = {
			fileRef = DA8FDEB907B481DE00D5B6F7;
			isa = PBXBuildFile;
			settings = {
			};
		};
		DA8FDF1807B4BBB400D5B6F7 = {
			fileEncoding = 30;
			isa = PBXFileReference;
			lastKnownFileType = text.html;
			name = index.html;
			path = content/index.html;
			refType = 4;
			sourceTree = "<group>";
		};
		DA8FDF1907B4BBB400D5B6F7 = {
			fileEncoding = 30;
			isa = PBXFileReference;
			lastKnownFileType = text.html;
			name = month.html;
			path = content/month.html;
			refType = 4;
			sourceTree = "<group>";
		};
		DA8FDF1A07B4BBB400D5B6F7 = {
			fileEncoding = 30;
			isa = PBXFileReference;
			lastKnownFileType = text.html;
			name = search.html;
			path = content/search.html;
			refType = 4;
			sourceTree = "<group>";
		};
		DA8FDF1C07B4BBB400D5B6F7 = {
			fileEncoding = 30;
			isa = PBXFileReference;
			lastKnownFileType = text;
			name = style.css;
			path = content/style.css;
			refType = 4;
			sourceTree = "<group>";
		};
		DA8FDF1D07B4BBB400D5B6F7 = {
			fileEncoding = 30;
			isa = PBXFileReference;
			lastKnownFileType = text.html;
			name = year.html;
			path = content/year.html;
			refType = 4;
			sourceTree = "<group>";
		};
		DA8FDF1E07B4BBB400D5B6F7 = {
			fileRef = DA8FDF1807B4BBB400D5B6F7;
			isa = PBXBuildFile;
			settings = {
			};
		};
		DA8FDF1F07B4BBB400D5B6F7 = {
			fileRef = DA8FDF1907B4BBB400D5B6F7;
			isa = PBXBuildFile;
			settings = {
			};
		};
		DA8FDF2007B4BBB400D5B6F7 = {
			fileRef = DA8FDF1A07B4BBB400D5B6F7;
			isa = PBXBuildFile;
			settings = {
			};
		};
		DA8FDF2207B4BBB400D5B6F7 = {
			fileRef = DA8FDF1C07B4BBB400D5B6F7;
			isa = PBXBuildFile;
			settings = {
			};
		};
		DA8FDF2307B4BBB400D5B6F7 = {
			fileRef = DA8FDF1D07B4BBB400D5B6F7;
			isa = PBXBuildFile;
			settings = {
			};
		};
		DAE684B807B4C6970074D7CD = {
			fileEncoding = 30;
			isa = PBXFileReference;
			lastKnownFileType = text;
			name = searchfun.txt;
			path = content/searchfun.txt;
			refType = 4;
			sourceTree = "<group>";
		};
		DAE684B907B4C6970074D7CD = {
			fileRef = DAE684B807B4C6970074D7CD;
			isa = PBXBuildFile;
			settings = {
			};
		};
		DAEA36B507B0D8CF00C4E690 = {
			fileEncoding = 30;
			isa = PBXFileReference;
			lastKnownFileType = sourcecode.c.h;
			path = Controller.h;
			refType = 4;
			sourceTree = "<group>";
		};
		DAEA36B607B0D8CF00C4E690 = {
			fileRef = DAEA36B507B0D8CF00C4E690;
			isa = PBXBuildFile;
			settings = {
			};
		};
		DAEA36B707B0D8D700C4E690 = {
			fileEncoding = 30;
			isa = PBXFileReference;
			lastKnownFileType = sourcecode.c.objc;
			path = Controller.m;
			refType = 4;
			sourceTree = "<group>";
		};
		DAEA36B807B0D8D700C4E690 = {
			fileRef = DAEA36B707B0D8D700C4E690;
			isa = PBXBuildFile;
			settings = {
			};
		};
		DAEA36B907B0D8EA00C4E690 = {
			fileEncoding = 30;
			isa = PBXFileReference;
			lastKnownFileType = sourcecode.c.h;
			path = Locations.h;
			refType = 4;
			sourceTree = "<group>";
		};
		DAEA36BA07B0D8EA00C4E690 = {
			fileEncoding = 30;
			isa = PBXFileReference;
			lastKnownFileType = sourcecode.c.objc;
			path = Locations.m;
			refType = 4;
			sourceTree = "<group>";
		};
		DAEA36BB07B0D8EA00C4E690 = {
			fileEncoding = 30;
			isa = PBXFileReference;
			lastKnownFileType = sourcecode.c.h;
			path = LocEditController.h;
			refType = 4;
			sourceTree = "<group>";
		};
		DAEA36BC07B0D8EA00C4E690 = {
			fileEncoding = 30;
			isa = PBXFileReference;
			lastKnownFileType = sourcecode.c.objc;
			path = LocEditController.m;
			refType = 4;
			sourceTree = "<group>";
		};
		DAEA36BD07B0D8EA00C4E690 = {
			fileRef = DAEA36B907B0D8EA00C4E690;
			isa = PBXBuildFile;
			settings = {
			};
		};
		DAEA36BE07B0D8EA00C4E690 = {
			fileRef = DAEA36BA07B0D8EA00C4E690;
			isa = PBXBuildFile;
			settings = {
			};
		};
		DAEA36BF07B0D8EA00C4E690 = {
			fileRef = DAEA36BB07B0D8EA00C4E690;
			isa = PBXBuildFile;
			settings = {
			};
		};
		DAEA36C007B0D8EA00C4E690 = {
			fileRef = DAEA36BC07B0D8EA00C4E690;
			isa = PBXBuildFile;
			settings = {
			};
		};
		DAF071BB07B33A94006FA850 = {
			fileEncoding = 4;
			isa = PBXFileReference;
			lastKnownFileType = sourcecode.c.h;
			path = PhotoSync.h;
			refType = 4;
			sourceTree = "<group>";
		};
		DAF071BC07B33A94006FA850 = {
			fileRef = DAF071BB07B33A94006FA850;
			isa = PBXBuildFile;
			settings = {
			};
		};
		DAF071CA07B343B9006FA850 = {
			fileEncoding = 4;
			isa = PBXFileReference;
			lastKnownFileType = sourcecode.c.h;
			path = SyncTask.h;
			refType = 4;
			sourceTree = "<group>";
		};
		DAF071CB07B343B9006FA850 = {
			fileEncoding = 4;
			isa = PBXFileReference;
			lastKnownFileType = sourcecode.c.objc;
			path = SyncTask.m;
			refType = 4;
			sourceTree = "<group>";
		};
		DAF071CC07B343B9006FA850 = {
			fileRef = DAF071CA07B343B9006FA850;
			isa = PBXBuildFile;
			settings = {
			};
		};
		DAF071CD07B343B9006FA850 = {
			fileRef = DAF071CB07B343B9006FA850;
			isa = PBXBuildFile;
			settings = {
			};
		};
		DAF15AF107B1CC790031C5C1 = {
			fileEncoding = 4;
			isa = PBXFileReference;
			lastKnownFileType = sourcecode.c.h;
			path = Photo.h;
			refType = 4;
			sourceTree = "<group>";
		};
		DAF15AF207B1CC790031C5C1 = {
			fileEncoding = 4;
			isa = PBXFileReference;
			lastKnownFileType = sourcecode.c.objc;
			path = Photo.m;
			refType = 4;
			sourceTree = "<group>";
		};
		DAF15AF307B1CC790031C5C1 = {
			fileRef = DAF15AF107B1CC790031C5C1;
			isa = PBXBuildFile;
			settings = {
			};
		};
		DAF15AF407B1CC790031C5C1 = {
			fileRef = DAF15AF207B1CC790031C5C1;
			isa = PBXBuildFile;
			settings = {
			};
		};
	};
	rootObject = 29B97313FDCFA39411CA2CEA;
}
